
Microsoft Visual Studio Solution File, Format Version 12.00
# Visual Studio Version 17
VisualStudioVersion = 17.7.34221.43
MinimumVisualStudioVersion = 10.0.40219.1
Project("{FAE04EC0-301F-11D3-BF4B-00C04F79EFBC}") = "test", "test.csproj", "{24AF12E0-F14C-4F74-9E52-54C58777EDA3}"
EndProject
Global
	GlobalSection(SolutionConfigurationPlatforms) = preSolution
		Debug|Any CPU = Debug|Any CPU
		Release|Any CPU = Release|Any CPU
	EndGlobalSection
	GlobalSection(ProjectConfigurationPlatforms) = postSolution
		{24AF12E0-F14C-4F74-9E52-54C58777EDA3}.Debug|Any CPU.ActiveCfg = Debug|Any CPU
		{24AF12E0-F14C-4F74-9E52-54C58777EDA3}.Debug|Any CPU.Build.0 = Debug|Any CPU
		{24AF12E0-F14C-4F74-9E52-54C58777EDA3}.Release|Any CPU.ActiveCfg = Release|Any CPU
		{24AF12E0-F14C-4F74-9E52-54C58777EDA3}.Release|Any CPU.Build.0 = Release|Any CPU
	EndGlobalSection
	GlobalSection(SolutionProperties) = preSolution
		HideSolutionNode = FALSE
	EndGlobalSection
	GlobalSection(ExtensibilityGlobals) = postSolution
		SolutionGuid = {CDAACC87-6626-410B-B45D-0E11A66452E5}
	EndGlobalSection
EndGlobal
